
Microsoft Visual Studio Solution File, Format Version 12.00
# Visual Studio 15
VisualStudioVersion = 15.0.27130.2010
MinimumVisualStudioVersion = 10.0.40219.1
Project("{FAE04EC0-301F-11D3-BF4B-00C04F79EFBC}") = "UABESharp_2_1d", "UABESharp\UABESharp_2_1d.csproj", "{F23FA58B-B8B9-4FA6-AC67-99C5F867B00B}"
EndProject
Project("{FAE04EC0-301F-11D3-BF4B-00C04F79EFBC}") = "UABESharpTester", "UABESharpTester\UABESharpTester.csproj", "{A3833A72-0BEB-4990-A077-15286502E139}"
	ProjectSection(ProjectDependencies) = postProject
		{F23FA58B-B8B9-4FA6-AC67-99C5F867B00B} = {F23FA58B-B8B9-4FA6-AC67-99C5F867B00B}
	EndProjectSection
EndProject
Project("{FAE04EC0-301F-11D3-BF4B-00C04F79EFBC}") = "UABESharpFixer", "UABESharpFixer\UABESharpFixer.csproj", "{54608044-DAAF-4449-BE58-77AF7032D18B}"
	ProjectSection(ProjectDependencies) = postProject
		{F23FA58B-B8B9-4FA6-AC67-99C5F867B00B} = {F23FA58B-B8B9-4FA6-AC67-99C5F867B00B}
	EndProjectSection
EndProject
Global
	GlobalSection(SolutionConfigurationPlatforms) = preSolution
		Debug|Any CPU = Debug|Any CPU
		Release|Any CPU = Release|Any CPU
	EndGlobalSection
	GlobalSection(ProjectConfigurationPlatforms) = postSolution
		{F23FA58B-B8B9-4FA6-AC67-99C5F867B00B}.Debug|Any CPU.ActiveCfg = Debug|Any CPU
		{F23FA58B-B8B9-4FA6-AC67-99C5F867B00B}.Debug|Any CPU.Build.0 = Debug|Any CPU
		{F23FA58B-B8B9-4FA6-AC67-99C5F867B00B}.Release|Any CPU.ActiveCfg = Release|Any CPU
		{F23FA58B-B8B9-4FA6-AC67-99C5F867B00B}.Release|Any CPU.Build.0 = Release|Any CPU
		{A3833A72-0BEB-4990-A077-15286502E139}.Debug|Any CPU.ActiveCfg = Debug|Any CPU
		{A3833A72-0BEB-4990-A077-15286502E139}.Debug|Any CPU.Build.0 = Debug|Any CPU
		{A3833A72-0BEB-4990-A077-15286502E139}.Release|Any CPU.ActiveCfg = Release|Any CPU
		{A3833A72-0BEB-4990-A077-15286502E139}.Release|Any CPU.Build.0 = Release|Any CPU
		{54608044-DAAF-4449-BE58-77AF7032D18B}.Debug|Any CPU.ActiveCfg = Debug|Any CPU
		{54608044-DAAF-4449-BE58-77AF7032D18B}.Debug|Any CPU.Build.0 = Debug|Any CPU
		{54608044-DAAF-4449-BE58-77AF7032D18B}.Release|Any CPU.ActiveCfg = Release|Any CPU
		{54608044-DAAF-4449-BE58-77AF7032D18B}.Release|Any CPU.Build.0 = Release|Any CPU
	EndGlobalSection
	GlobalSection(SolutionProperties) = preSolution
		HideSolutionNode = FALSE
	EndGlobalSection
	GlobalSection(ExtensibilityGlobals) = postSolution
		SolutionGuid = {A4D9974F-ADE1-4B01-ABCA-EC67C0316663}
	EndGlobalSection
EndGlobal
